{
  "object": {
    "pins": [
      {
        "package": "MimeType",
        "repositoryURL": "https://github.com/SketchMaster2001/MimeType.git",
        "state": {
          "branch": "master",
          "revision": "102b3769ea8dc7ed0bd50b932bdd21cd4e89215c",
          "version": null
        }
      },
      {
        "package": "swift-log",
        "repositoryURL": "https://github.com/apple/swift-log.git",
        "state": {
          "branch": null,
          "revision": "5d66f7ba25daf4f94100e7022febf3c75e37a6c7",
          "version": "1.4.2"
        }
      },
      {
        "package": "swift-nio",
        "repositoryURL": "https://github.com/apple/swift-nio.git",
        "state": {
          "branch": null,
          "revision": "51c3fc2e4a0fcdf4a25089b288dd65b73df1b0ef",
          "version": "2.37.0"
        }
      },
      {
        "package": "swift-nio-ssl",
        "repositoryURL": "https://github.com/apple/swift-nio-ssl.git",
        "state": {
          "branch": null,
          "revision": "52a486ff6de9bc3e26bf634c5413c41c5fa89ca5",
          "version": "2.17.2"
        }
      },
      {
        "package": "websocket-kit",
        "repositoryURL": "https://github.com/vapor/websocket-kit",
        "state": {
          "branch": "main",
          "revision": "ff8fbce837ef01a93d49c6fb49a72be0f150dac7",
          "version": null
        }
      }
    ]
  },
  "version": 1
}
