{
  "object": {
    "pins": [
      {
        "package": "COPUS",
        "repositoryURL": "https://github.com/nuclearace/copus",
        "state": {
          "branch": null,
          "revision": "365743902efc1c93730757cea288bef4b90637a0",
          "version": "2.0.0"
        }
      },
      {
        "package": "Rainbow",
        "repositoryURL": "https://github.com/onevcat/Rainbow",
        "state": {
          "branch": null,
          "revision": "e0dada9cd44e3fa7ec3b867e49a8ddbf543e3df3",
          "version": "4.0.1"
        }
      },
      {
        "package": "Sodium",
        "repositoryURL": "https://github.com/nuclearace/Sodium",
        "state": {
          "branch": null,
          "revision": "5812a3d879b77aae0fdfbd62d0e8354e914d15ae",
          "version": "2.0.0"
        }
      },
      {
        "package": "swift-nio",
        "repositoryURL": "https://github.com/apple/swift-nio.git",
        "state": {
          "branch": null,
          "revision": "51c3fc2e4a0fcdf4a25089b288dd65b73df1b0ef",
          "version": "2.37.0"
        }
      },
      {
        "package": "swift-nio-ssl",
        "repositoryURL": "https://github.com/apple/swift-nio-ssl.git",
        "state": {
          "branch": null,
          "revision": "52a486ff6de9bc3e26bf634c5413c41c5fa89ca5",
          "version": "2.17.2"
        }
      },
      {
        "package": "websocket-kit",
        "repositoryURL": "https://github.com/vapor/websocket-kit",
        "state": {
          "branch": "main",
          "revision": "ff8fbce837ef01a93d49c6fb49a72be0f150dac7",
          "version": null
        }
      }
    ]
  },
  "version": 1
}
